
Microsoft Visual Studio Solution File, Format Version 12.00
# Visual Studio Version 16
VisualStudioVersion = 16.0.31019.35
MinimumVisualStudioVersion = 10.0.40219.1
Project("{888888A0-9F3D-457C-B088-3A5042F75D52}") = "Bot Test", "Bot Test.pyproj", "{90036F4F-1FB9-4567-ABD5-041E7D02D564}"
EndProject
Global
	GlobalSection(SolutionConfigurationPlatforms) = preSolution
		Debug|Any CPU = Debug|Any CPU
		Release|Any CPU = Release|Any CPU
	EndGlobalSection
	GlobalSection(ProjectConfigurationPlatforms) = postSolution
		{90036F4F-1FB9-4567-ABD5-041E7D02D564}.Debug|Any CPU.ActiveCfg = Debug|Any CPU
		{90036F4F-1FB9-4567-ABD5-041E7D02D564}.Release|Any CPU.ActiveCfg = Release|Any CPU
	EndGlobalSection
	GlobalSection(SolutionProperties) = preSolution
		HideSolutionNode = FALSE
	EndGlobalSection
	GlobalSection(ExtensibilityGlobals) = postSolution
		SolutionGuid = {A94922F4-FEFC-4147-8E8B-41136334D876}
	EndGlobalSection
EndGlobal
